
Microsoft Visual Studio Solution File, Format Version 12.00
# Visual Studio 2015
Project("{FAE04EC0-301F-11D3-BF4B-00C04F79EFBC}") = "unishell.CSharp.Editor.Plugins", "unishell.CSharp.Editor.Plugins.csproj", "{8AAB4109-FBB8-557C-D4E9-2AF5CD7CDFAB}"
EndProject
Global
	GlobalSection(SolutionConfigurationPlatforms) = preSolution
		Debug|Any CPU = Debug|Any CPU
		Release|Any CPU = Release|Any CPU
	EndGlobalSection
	GlobalSection(ProjectConfigurationPlatforms) = postSolution
		{8AAB4109-FBB8-557C-D4E9-2AF5CD7CDFAB}.Debug|Any CPU.ActiveCfg = Debug|Any CPU
		{8AAB4109-FBB8-557C-D4E9-2AF5CD7CDFAB}.Debug|Any CPU.Build.0 = Debug|Any CPU
		{8AAB4109-FBB8-557C-D4E9-2AF5CD7CDFAB}.Release|Any CPU.ActiveCfg = Release|Any CPU
		{8AAB4109-FBB8-557C-D4E9-2AF5CD7CDFAB}.Release|Any CPU.Build.0 = Release|Any CPU
	EndGlobalSection
	GlobalSection(SolutionProperties) = preSolution
		HideSolutionNode = FALSE
	EndGlobalSection
EndGlobal
