
Microsoft Visual Studio Solution File, Format Version 12.00
# Visual Studio 15
Project("{FAE04EC0-301F-11D3-BF4B-00C04F79EFBC}") = "unishell", "Assembly-CSharp-Editor-firstpass.csproj", "{E4A6BB4F-7663-E642-1D6F-9AA5BE6BD9AA}"
EndProject
Global
	GlobalSection(SolutionConfigurationPlatforms) = preSolution
		Debug|Any CPU = Debug|Any CPU
		Release|Any CPU = Release|Any CPU
	EndGlobalSection
	GlobalSection(ProjectConfigurationPlatforms) = postSolution
		{E4A6BB4F-7663-E642-1D6F-9AA5BE6BD9AA}.Debug|Any CPU.ActiveCfg = Debug|Any CPU
		{E4A6BB4F-7663-E642-1D6F-9AA5BE6BD9AA}.Debug|Any CPU.Build.0 = Debug|Any CPU
		{E4A6BB4F-7663-E642-1D6F-9AA5BE6BD9AA}.Release|Any CPU.ActiveCfg = Release|Any CPU
		{E4A6BB4F-7663-E642-1D6F-9AA5BE6BD9AA}.Release|Any CPU.Build.0 = Release|Any CPU
	EndGlobalSection
	GlobalSection(SolutionProperties) = preSolution
		HideSolutionNode = FALSE
	EndGlobalSection
EndGlobal
